
Microsoft Visual Studio Solution File, Format Version 12.00
# Visual Studio 2012
Project("{FAE04EC0-301F-11D3-BF4B-00C04F79EFBC}") = "Server_WCF", "Server_WCF\Server_WCF.csproj", "{A514B9D8-CC9C-430E-A9DC-E01B2E2A92B8}"
EndProject
Project("{FAE04EC0-301F-11D3-BF4B-00C04F79EFBC}") = "TEST", "TEST\TEST.csproj", "{DAA09C12-59D7-485D-B57C-3EDD663D64EF}"
EndProject
Global
	GlobalSection(SolutionConfigurationPlatforms) = preSolution
		Debug|Any CPU = Debug|Any CPU
		Release|Any CPU = Release|Any CPU
	EndGlobalSection
	GlobalSection(ProjectConfigurationPlatforms) = postSolution
		{A514B9D8-CC9C-430E-A9DC-E01B2E2A92B8}.Debug|Any CPU.ActiveCfg = Debug|Any CPU
		{A514B9D8-CC9C-430E-A9DC-E01B2E2A92B8}.Debug|Any CPU.Build.0 = Debug|Any CPU
		{A514B9D8-CC9C-430E-A9DC-E01B2E2A92B8}.Release|Any CPU.ActiveCfg = Release|Any CPU
		{A514B9D8-CC9C-430E-A9DC-E01B2E2A92B8}.Release|Any CPU.Build.0 = Release|Any CPU
		{DAA09C12-59D7-485D-B57C-3EDD663D64EF}.Debug|Any CPU.ActiveCfg = Debug|Any CPU
		{DAA09C12-59D7-485D-B57C-3EDD663D64EF}.Debug|Any CPU.Build.0 = Debug|Any CPU
		{DAA09C12-59D7-485D-B57C-3EDD663D64EF}.Release|Any CPU.ActiveCfg = Release|Any CPU
		{DAA09C12-59D7-485D-B57C-3EDD663D64EF}.Release|Any CPU.Build.0 = Release|Any CPU
	EndGlobalSection
	GlobalSection(SolutionProperties) = preSolution
		HideSolutionNode = FALSE
	EndGlobalSection
EndGlobal
